// !$*UTF8*$!
{
	archiveVersion = 1;
	classes = {
	};
	objectVersion = 46;
	objects = {

/* Begin PBXBuildFile section */
		08F189CF1D21C88800866A05 /* Quarantine_Filter.m in Sources */ = {isa = PBXBuildFile; fileRef = 08F189CE1D21C88800866A05 /* Quarantine_Filter.m */; };
		08F189D21D21C88800866A05 /* main.xib in Resources */ = {isa = PBXBuildFile; fileRef = 08F189D01D21C88800866A05 /* main.xib */; };
		08F189D61D21C88800866A05 /* InfoPlist.strings in Resources */ = {isa = PBXBuildFile; fileRef = 08F189D41D21C88800866A05 /* InfoPlist.strings */; };
/* End PBXBuildFile section */

/* Begin PBXFileReference section */
		08F189CA1D21C88800866A05 /* Quarantine Filter.action */ = {isa = PBXFileReference; explicitFileType = wrapper.cfbundle; includeInIndex = 0; path = "Quarantine Filter.action"; sourceTree = BUILT_PRODUCTS_DIR; };
		08F189CD1D21C88800866A05 /* Quarantine_Filter.h */ = {isa = PBXFileReference; lastKnownFileType = sourcecode.c.h; path = Quarantine_Filter.h; sourceTree = "<group>"; };
		08F189CE1D21C88800866A05 /* Quarantine_Filter.m */ = {isa = PBXFileReference; lastKnownFileType = sourcecode.c.objc; path = Quarantine_Filter.m; sourceTree = "<group>"; };
		08F189D11D21C88800866A05 /* Base */ = {isa = PBXFileReference; lastKnownFileType = file.xib; name = Base; path = Base.lproj/main.xib; sourceTree = "<group>"; };
		08F189D31D21C88800866A05 /* Info.plist */ = {isa = PBXFileReference; lastKnownFileType = text.plist.xml; path = Info.plist; sourceTree = "<group>"; };
		08F189D51D21C88800866A05 /* en */ = {isa = PBXFileReference; lastKnownFileType = text.plist.strings; name = en; path = en.lproj/InfoPlist.strings; sourceTree = "<group>"; };
		08F189DC1D21DC7E00866A05 /* README.md */ = {isa = PBXFileReference; lastKnownFileType = net.daringfireball.markdown; path = README.md; sourceTree = "<group>"; };
		08F189DD1D21E02800866A05 /* LICENSE */ = {isa = PBXFileReference; lastKnownFileType = text; path = LICENSE; sourceTree = "<group>"; };
/* End PBXFileReference section */

/* Begin PBXFrameworksBuildPhase section */
		08F189C61D21C88800866A05 /* Frameworks */ = {
			isa = PBXFrameworksBuildPhase;
			buildActionMask = 2147483647;
			files = (
			);
			runOnlyForDeploymentPostprocessing = 0;
		};
/* End PBXFrameworksBuildPhase section */

/* Begin PBXGroup section */
		08F189C01D21C88800866A05 = {
			isa = PBXGroup;
			children = (
				08F189DC1D21DC7E00866A05 /* README.md */,
				08F189DD1D21E02800866A05 /* LICENSE */,
				08F189CC1D21C88800866A05 /* Quarantine Filter */,
				08F189CB1D21C88800866A05 /* Products */,
			);
			sourceTree = "<group>";
		};
		08F189CB1D21C88800866A05 /* Products */ = {
			isa = PBXGroup;
			children = (
				08F189CA1D21C88800866A05 /* Quarantine Filter.action */,
			);
			name = Products;
			sourceTree = "<group>";
		};
		08F189CC1D21C88800866A05 /* Quarantine Filter */ = {
			isa = PBXGroup;
			children = (
				08F189CD1D21C88800866A05 /* Quarantine_Filter.h */,
				08F189CE1D21C88800866A05 /* Quarantine_Filter.m */,
				08F189D01D21C88800866A05 /* main.xib */,
				08F189D31D21C88800866A05 /* Info.plist */,
				08F189D41D21C88800866A05 /* InfoPlist.strings */,
			);
			name = "Quarantine Filter";
			path = QuarantineFilter;
			sourceTree = "<group>";
		};
/* End PBXGroup section */

/* Begin PBXNativeTarget section */
		08F189C91D21C88800866A05 /* Quarantine Filter */ = {
			isa = PBXNativeTarget;
			buildConfigurationList = 08F189D91D21C88800866A05 /* Build configuration list for PBXNativeTarget "Quarantine Filter" */;
			buildPhases = (
				08F189C51D21C88800866A05 /* Sources */,
				08F189C61D21C88800866A05 /* Frameworks */,
				08F189C71D21C88800866A05 /* Resources */,
				08F189C81D21C88800866A05 /* ShellScript */,
			);
			buildRules = (
			);
			dependencies = (
			);
			name = "Quarantine Filter";
			productName = "Quarantine Filter";
			productReference = 08F189CA1D21C88800866A05 /* Quarantine Filter.action */;
			productType = "com.apple.product-type.bundle";
		};
/* End PBXNativeTarget section */

/* Begin PBXProject section */
		08F189C11D21C88800866A05 /* Project object */ = {
			isa = PBXProject;
			attributes = {
				LastUpgradeCheck = 0730;
				ORGANIZATIONNAME = "Mark Lilback";
				TargetAttributes = {
					08F189C91D21C88800866A05 = {
						CreatedOnToolsVersion = 7.3.1;
						DevelopmentTeam = V97NV337TR;
					};
				};
			};
			buildConfigurationList = 08F189C41D21C88800866A05 /* Build configuration list for PBXProject "QuarantineFilter" */;
			compatibilityVersion = "Xcode 3.2";
			developmentRegion = English;
			hasScannedForEncodings = 0;
			knownRegions = (
				en,
				Base,
			);
			mainGroup = 08F189C01D21C88800866A05;
			productRefGroup = 08F189CB1D21C88800866A05 /* Products */;
			projectDirPath = "";
			projectRoot = "";
			targets = (
				08F189C91D21C88800866A05 /* Quarantine Filter */,
			);
		};
/* End PBXProject section */

/* Begin PBXResourcesBuildPhase section */
		08F189C71D21C88800866A05 /* Resources */ = {
			isa = PBXResourcesBuildPhase;
			buildActionMask = 2147483647;
			files = (
				08F189D21D21C88800866A05 /* main.xib in Resources */,
				08F189D61D21C88800866A05 /* InfoPlist.strings in Resources */,
			);
			runOnlyForDeploymentPostprocessing = 0;
		};
/* End PBXResourcesBuildPhase section */

/* Begin PBXShellScriptBuildPhase section */
		08F189C81D21C88800866A05 /* ShellScript */ = {
			isa = PBXShellScriptBuildPhase;
			buildActionMask = 2147483647;
			files = (
			);
			inputPaths = (
			);
			outputPaths = (
			);
			runOnlyForDeploymentPostprocessing = 0;
			shellPath = /bin/sh;
			shellScript = "amlint \"${BUILT_PRODUCTS_DIR}/${FULL_PRODUCT_NAME}\"";
		};
/* End PBXShellScriptBuildPhase section */

/* Begin PBXSourcesBuildPhase section */
		08F189C51D21C88800866A05 /* Sources */ = {
			isa = PBXSourcesBuildPhase;
			buildActionMask = 2147483647;
			files = (
				08F189CF1D21C88800866A05 /* Quarantine_Filter.m in Sources */,
			);
			runOnlyForDeploymentPostprocessing = 0;
		};
/* End PBXSourcesBuildPhase section */

/* Begin PBXVariantGroup section */
		08F189D01D21C88800866A05 /* main.xib */ = {
			isa = PBXVariantGroup;
			children = (
				08F189D11D21C88800866A05 /* Base */,
			);
			name = main.xib;
			sourceTree = "<group>";
		};
		08F189D41D21C88800866A05 /* InfoPlist.strings */ = {
			isa = PBXVariantGroup;
			children = (
				08F189D51D21C88800866A05 /* en */,
			);
			name = InfoPlist.strings;
			sourceTree = "<group>";
		};
/* End PBXVariantGroup section */

/* Begin XCBuildConfiguration section */
		08F189D71D21C88800866A05 /* Debug */ = {
			isa = XCBuildConfiguration;
			buildSettings = {
				ALWAYS_SEARCH_USER_PATHS = NO;
				CLANG_ANALYZER_NONNULL = YES;
				CLANG_CXX_LANGUAGE_STANDARD = "gnu++0x";
				CLANG_CXX_LIBRARY = "libc++";
				CLANG_ENABLE_MODULES = YES;
				CLANG_ENABLE_OBJC_ARC = YES;
				CLANG_WARN_BOOL_CONVERSION = YES;
				CLANG_WARN_CONSTANT_CONVERSION = YES;
				CLANG_WARN_DIRECT_OBJC_ISA_USAGE = YES_ERROR;
				CLANG_WARN_EMPTY_BODY = YES;
				CLANG_WARN_ENUM_CONVERSION = YES;
				CLANG_WARN_INT_CONVERSION = YES;
				CLANG_WARN_OBJC_ROOT_CLASS = YES_ERROR;
				CLANG_WARN_UNREACHABLE_CODE = YES;
				CLANG_WARN__DUPLICATE_METHOD_MATCH = YES;
				CODE_SIGN_IDENTITY = "Mac Developer: Mark Lilback (ZJLV2664FQ)";
				COPY_PHASE_STRIP = NO;
				DEBUG_INFORMATION_FORMAT = dwarf;
				ENABLE_STRICT_OBJC_MSGSEND = YES;
				ENABLE_TESTABILITY = YES;
				GCC_C_LANGUAGE_STANDARD = gnu99;
				GCC_DYNAMIC_NO_PIC = NO;
				GCC_NO_COMMON_BLOCKS = YES;
				GCC_OPTIMIZATION_LEVEL = 0;
				GCC_PREPROCESSOR_DEFINITIONS = (
					"DEBUG=1",
					"$(inherited)",
				);
				GCC_WARN_64_TO_32_BIT_CONVERSION = YES;
				GCC_WARN_ABOUT_RETURN_TYPE = YES_ERROR;
				GCC_WARN_UNDECLARED_SELECTOR = YES;
				GCC_WARN_UNINITIALIZED_AUTOS = YES_AGGRESSIVE;
				GCC_WARN_UNUSED_FUNCTION = YES;
				GCC_WARN_UNUSED_VARIABLE = YES;
				MACOSX_DEPLOYMENT_TARGET = 10.11;
				MTL_ENABLE_DEBUG_INFO = YES;
				ONLY_ACTIVE_ARCH = YES;
				SDKROOT = macosx;
			};
			name = Debug;
		};
		08F189D81D21C88800866A05 /* Release */ = {
			isa = XCBuildConfiguration;
			buildSettings = {
				ALWAYS_SEARCH_USER_PATHS = NO;
				CLANG_ANALYZER_NONNULL = YES;
				CLANG_CXX_LANGUAGE_STANDARD = "gnu++0x";
				CLANG_CXX_LIBRARY = "libc++";
				CLANG_ENABLE_MODULES = YES;
				CLANG_ENABLE_OBJC_ARC = YES;
				CLANG_WARN_BOOL_CONVERSION = YES;
				CLANG_WARN_CONSTANT_CONVERSION = YES;
				CLANG_WARN_DIRECT_OBJC_ISA_USAGE = YES_ERROR;
				CLANG_WARN_EMPTY_BODY = YES;
				CLANG_WARN_ENUM_CONVERSION = YES;
				CLANG_WARN_INT_CONVERSION = YES;
				CLANG_WARN_OBJC_ROOT_CLASS = YES_ERROR;
				CLANG_WARN_UNREACHABLE_CODE = YES;
				CLANG_WARN__DUPLICATE_METHOD_MATCH = YES;
				CODE_SIGN_IDENTITY = "Mac Developer: Mark Lilback (ZJLV2664FQ)";
				COPY_PHASE_STRIP = NO;
				DEBUG_INFORMATION_FORMAT = "dwarf-with-dsym";
				ENABLE_NS_ASSERTIONS = NO;
				ENABLE_STRICT_OBJC_MSGSEND = YES;
				GCC_C_LANGUAGE_STANDARD = gnu99;
				GCC_NO_COMMON_BLOCKS = YES;
				GCC_WARN_64_TO_32_BIT_CONVERSION = YES;
				GCC_WARN_ABOUT_RETURN_TYPE = YES_ERROR;
				GCC_WARN_UNDECLARED_SELECTOR = YES;
				GCC_WARN_UNINITIALIZED_AUTOS = YES_AGGRESSIVE;
				GCC_WARN_UNUSED_FUNCTION = YES;
				GCC_WARN_UNUSED_VARIABLE = YES;
				MACOSX_DEPLOYMENT_TARGET = 10.11;
				MTL_ENABLE_DEBUG_INFO = NO;
				SDKROOT = macosx;
			};
			name = Release;
		};
		08F189DA1D21C88800866A05 /* Debug */ = {
			isa = XCBuildConfiguration;
			buildSettings = {
				CODE_SIGN_IDENTITY = "Mac Developer";
				"CODE_SIGN_IDENTITY[sdk=macosx*]" = "Mac Developer";
				COMBINE_HIDPI_IMAGES = YES;
				INFOPLIST_FILE = "Quarantine Filter/Info.plist";
				INSTALL_PATH = "$(HOME)/Library/Automator";
				OTHER_OSAFLAGS = "-x -t 0 -c 0";
				PRODUCT_BUNDLE_IDENTIFIER = "com.lilback.Quarantine-Filter";
				PRODUCT_NAME = "$(TARGET_NAME)";
				PROVISIONING_PROFILE = "";
				WRAPPER_EXTENSION = action;
			};
			name = Debug;
		};
		08F189DB1D21C88800866A05 /* Release */ = {
			isa = XCBuildConfiguration;
			buildSettings = {
				CODE_SIGN_IDENTITY = "Mac Developer";
				"CODE_SIGN_IDENTITY[sdk=macosx*]" = "Mac Developer";
				COMBINE_HIDPI_IMAGES = YES;
				INFOPLIST_FILE = "Quarantine Filter/Info.plist";
				INSTALL_PATH = "$(HOME)/Library/Automator";
				OTHER_OSAFLAGS = "-x -t 0 -c 0";
				PRODUCT_BUNDLE_IDENTIFIER = "com.lilback.Quarantine-Filter";
				PRODUCT_NAME = "$(TARGET_NAME)";
				PROVISIONING_PROFILE = "";
				WRAPPER_EXTENSION = action;
			};
			name = Release;
		};
/* End XCBuildConfiguration section */

/* Begin XCConfigurationList section */
		08F189C41D21C88800866A05 /* Build configuration list for PBXProject "QuarantineFilter" */ = {
			isa = XCConfigurationList;
			buildConfigurations = (
				08F189D71D21C88800866A05 /* Debug */,
				08F189D81D21C88800866A05 /* Release */,
			);
			defaultConfigurationIsVisible = 0;
			defaultConfigurationName = Release;
		};
		08F189D91D21C88800866A05 /* Build configuration list for PBXNativeTarget "Quarantine Filter" */ = {
			isa = XCConfigurationList;
			buildConfigurations = (
				08F189DA1D21C88800866A05 /* Debug */,
				08F189DB1D21C88800866A05 /* Release */,
			);
			defaultConfigurationIsVisible = 0;
			defaultConfigurationName = Release;
		};
/* End XCConfigurationList section */
	};
	rootObject = 08F189C11D21C88800866A05 /* Project object */;
}
